
Microsoft Visual Studio Solution File, Format Version 12.00
# Visual Studio Version 17
VisualStudioVersion = 17.0.32112.339
MinimumVisualStudioVersion = 10.0.40219.1
Project("{9A19103F-16F7-4668-BE54-9A1E7A4F7556}") = "SCSHost", "SCSHost\SCSHost.csproj", "{1318BE19-5270-42D0-8CE1-FFC3572C94CB}"
EndProject
Project("{9A19103F-16F7-4668-BE54-9A1E7A4F7556}") = "ClientLib", "ClientLib\ClientLib.csproj", "{030E4290-AB9A-4B79-BBAE-3E3086457D87}"
EndProject
Project("{9A19103F-16F7-4668-BE54-9A1E7A4F7556}") = "Models", "Models\Models.csproj", "{4A8EE17B-7DBF-4992-B58B-8BB97EF64495}"
EndProject
Project("{9A19103F-16F7-4668-BE54-9A1E7A4F7556}") = "SharedLib", "SharedLib\SharedLib.csproj", "{86CD9D6E-591C-4791-9AC3-E89FBB922254}"
EndProject
Project("{9A19103F-16F7-4668-BE54-9A1E7A4F7556}") = "HostLib", "HostLib\HostLib.csproj", "{622BA1CF-6AAE-487B-9B71-6F8DAAC2ACEC}"
EndProject
Project("{FAE04EC0-301F-11D3-BF4B-00C04F79EFBC}") = "SCSClient", "SCSClient\SCSClient.csproj", "{791909F1-C3F4-4C3C-A4A5-3ABA47FC049A}"
EndProject
Global
	GlobalSection(SolutionConfigurationPlatforms) = preSolution
		Debug|Any CPU = Debug|Any CPU
		Release|Any CPU = Release|Any CPU
	EndGlobalSection
	GlobalSection(ProjectConfigurationPlatforms) = postSolution
		{1318BE19-5270-42D0-8CE1-FFC3572C94CB}.Debug|Any CPU.ActiveCfg = Debug|Any CPU
		{1318BE19-5270-42D0-8CE1-FFC3572C94CB}.Debug|Any CPU.Build.0 = Debug|Any CPU
		{1318BE19-5270-42D0-8CE1-FFC3572C94CB}.Release|Any CPU.ActiveCfg = Release|Any CPU
		{1318BE19-5270-42D0-8CE1-FFC3572C94CB}.Release|Any CPU.Build.0 = Release|Any CPU
		{030E4290-AB9A-4B79-BBAE-3E3086457D87}.Debug|Any CPU.ActiveCfg = Debug|Any CPU
		{030E4290-AB9A-4B79-BBAE-3E3086457D87}.Debug|Any CPU.Build.0 = Debug|Any CPU
		{030E4290-AB9A-4B79-BBAE-3E3086457D87}.Release|Any CPU.ActiveCfg = Release|Any CPU
		{030E4290-AB9A-4B79-BBAE-3E3086457D87}.Release|Any CPU.Build.0 = Release|Any CPU
		{4A8EE17B-7DBF-4992-B58B-8BB97EF64495}.Debug|Any CPU.ActiveCfg = Debug|Any CPU
		{4A8EE17B-7DBF-4992-B58B-8BB97EF64495}.Debug|Any CPU.Build.0 = Debug|Any CPU
		{4A8EE17B-7DBF-4992-B58B-8BB97EF64495}.Release|Any CPU.ActiveCfg = Release|Any CPU
		{4A8EE17B-7DBF-4992-B58B-8BB97EF64495}.Release|Any CPU.Build.0 = Release|Any CPU
		{86CD9D6E-591C-4791-9AC3-E89FBB922254}.Debug|Any CPU.ActiveCfg = Debug|Any CPU
		{86CD9D6E-591C-4791-9AC3-E89FBB922254}.Debug|Any CPU.Build.0 = Debug|Any CPU
		{86CD9D6E-591C-4791-9AC3-E89FBB922254}.Release|Any CPU.ActiveCfg = Release|Any CPU
		{86CD9D6E-591C-4791-9AC3-E89FBB922254}.Release|Any CPU.Build.0 = Release|Any CPU
		{622BA1CF-6AAE-487B-9B71-6F8DAAC2ACEC}.Debug|Any CPU.ActiveCfg = Debug|Any CPU
		{622BA1CF-6AAE-487B-9B71-6F8DAAC2ACEC}.Debug|Any CPU.Build.0 = Debug|Any CPU
		{622BA1CF-6AAE-487B-9B71-6F8DAAC2ACEC}.Release|Any CPU.ActiveCfg = Release|Any CPU
		{622BA1CF-6AAE-487B-9B71-6F8DAAC2ACEC}.Release|Any CPU.Build.0 = Release|Any CPU
		{791909F1-C3F4-4C3C-A4A5-3ABA47FC049A}.Debug|Any CPU.ActiveCfg = Debug|Any CPU
		{791909F1-C3F4-4C3C-A4A5-3ABA47FC049A}.Debug|Any CPU.Build.0 = Debug|Any CPU
		{791909F1-C3F4-4C3C-A4A5-3ABA47FC049A}.Release|Any CPU.ActiveCfg = Release|Any CPU
		{791909F1-C3F4-4C3C-A4A5-3ABA47FC049A}.Release|Any CPU.Build.0 = Release|Any CPU
	EndGlobalSection
	GlobalSection(SolutionProperties) = preSolution
		HideSolutionNode = FALSE
	EndGlobalSection
	GlobalSection(ExtensibilityGlobals) = postSolution
		SolutionGuid = {E4320DF5-E392-47E4-ABBD-15692E954107}
	EndGlobalSection
EndGlobal
